
Microsoft Visual Studio Solution File, Format Version 12.00
# Visual Studio Version 17
VisualStudioVersion = 17.11.35312.102
MinimumVisualStudioVersion = 10.0.40219.1
Project("{8BC9CEB8-8B4A-11D0-8D11-00A0C91BC942}") = "BOJ_318333", "BOJ_318333.vcxproj", "{3AF8A2FE-E472-416A-908F-4FA2A988547B}"
EndProject
Global
	GlobalSection(SolutionConfigurationPlatforms) = preSolution
		Debug|x64 = Debug|x64
		Release|x64 = Release|x64
	EndGlobalSection
	GlobalSection(ProjectConfigurationPlatforms) = postSolution
		{3AF8A2FE-E472-416A-908F-4FA2A988547B}.Debug|x64.ActiveCfg = Debug|x64
		{3AF8A2FE-E472-416A-908F-4FA2A988547B}.Debug|x64.Build.0 = Debug|x64
		{3AF8A2FE-E472-416A-908F-4FA2A988547B}.Release|x64.ActiveCfg = Release|x64
		{3AF8A2FE-E472-416A-908F-4FA2A988547B}.Release|x64.Build.0 = Release|x64
	EndGlobalSection
	GlobalSection(SolutionProperties) = preSolution
		HideSolutionNode = FALSE
	EndGlobalSection
	GlobalSection(ExtensibilityGlobals) = postSolution
		SolutionGuid = {97D7430C-74A4-4A80-9E41-7A7D87C259EB}
	EndGlobalSection
EndGlobal
